
Microsoft Visual Studio Solution File, Format Version 12.00
# Visual Studio 2012
Project("{FAE04EC0-301F-11D3-BF4B-00C04F79EFBC}") = "Money", "Money\Money.csproj", "{44331131-D358-4AE8-8553-ED9B495D2FC1}"
EndProject
Project("{FAE04EC0-301F-11D3-BF4B-00C04F79EFBC}") = "Money.Tests.Unit", "Money.Tests.Unit\Money.Tests.Unit.csproj", "{5C645C82-E0F7-4B74-9FB5-5A929E41C85F}"
EndProject
Global
	GlobalSection(SolutionConfigurationPlatforms) = preSolution
		Debug|Any CPU = Debug|Any CPU
		Release|Any CPU = Release|Any CPU
	EndGlobalSection
	GlobalSection(ProjectConfigurationPlatforms) = postSolution
		{44331131-D358-4AE8-8553-ED9B495D2FC1}.Debug|Any CPU.ActiveCfg = Debug|Any CPU
		{44331131-D358-4AE8-8553-ED9B495D2FC1}.Debug|Any CPU.Build.0 = Debug|Any CPU
		{44331131-D358-4AE8-8553-ED9B495D2FC1}.Release|Any CPU.ActiveCfg = Release|Any CPU
		{44331131-D358-4AE8-8553-ED9B495D2FC1}.Release|Any CPU.Build.0 = Release|Any CPU
		{5C645C82-E0F7-4B74-9FB5-5A929E41C85F}.Debug|Any CPU.ActiveCfg = Debug|Any CPU
		{5C645C82-E0F7-4B74-9FB5-5A929E41C85F}.Debug|Any CPU.Build.0 = Debug|Any CPU
		{5C645C82-E0F7-4B74-9FB5-5A929E41C85F}.Release|Any CPU.ActiveCfg = Release|Any CPU
		{5C645C82-E0F7-4B74-9FB5-5A929E41C85F}.Release|Any CPU.Build.0 = Release|Any CPU
	EndGlobalSection
EndGlobal
